
Microsoft Visual Studio Solution File, Format Version 12.00
# Visual Studio 2013
VisualStudioVersion = 12.0.21005.1
MinimumVisualStudioVersion = 10.0.40219.1
Project("{FAE04EC0-301F-11D3-BF4B-00C04F79EFBC}") = "WebApplication1", "WebApplication1\WebApplication1.csproj", "{BABC6478-FB40-4188-A2DB-2E748F44DED8}"
EndProject
Project("{FAE04EC0-301F-11D3-BF4B-00C04F79EFBC}") = "BAL", "BAL\BAL.csproj", "{76E0E452-548A-4C98-AA45-170EE8F923E9}"
EndProject
Project("{FAE04EC0-301F-11D3-BF4B-00C04F79EFBC}") = "DAL", "DAL\DAL.csproj", "{1F210FCC-58A4-464D-B473-74D6C30D149B}"
EndProject
Project("{FAE04EC0-301F-11D3-BF4B-00C04F79EFBC}") = "DALTester", "DALTester\DALTester.csproj", "{1E6AEFC2-94D8-4BAF-AB9F-E465AECEAF44}"
EndProject
Project("{FAE04EC0-301F-11D3-BF4B-00C04F79EFBC}") = "Entities", "Entities\Entities.csproj", "{1DF24FEB-FF46-43E3-972F-08F7EB9A226D}"
EndProject
Global
	GlobalSection(SolutionConfigurationPlatforms) = preSolution
		Debug|Any CPU = Debug|Any CPU
		Release|Any CPU = Release|Any CPU
	EndGlobalSection
	GlobalSection(ProjectConfigurationPlatforms) = postSolution
		{BABC6478-FB40-4188-A2DB-2E748F44DED8}.Debug|Any CPU.ActiveCfg = Debug|Any CPU
		{BABC6478-FB40-4188-A2DB-2E748F44DED8}.Debug|Any CPU.Build.0 = Debug|Any CPU
		{BABC6478-FB40-4188-A2DB-2E748F44DED8}.Release|Any CPU.ActiveCfg = Release|Any CPU
		{BABC6478-FB40-4188-A2DB-2E748F44DED8}.Release|Any CPU.Build.0 = Release|Any CPU
		{76E0E452-548A-4C98-AA45-170EE8F923E9}.Debug|Any CPU.ActiveCfg = Debug|Any CPU
		{76E0E452-548A-4C98-AA45-170EE8F923E9}.Debug|Any CPU.Build.0 = Debug|Any CPU
		{76E0E452-548A-4C98-AA45-170EE8F923E9}.Release|Any CPU.ActiveCfg = Release|Any CPU
		{76E0E452-548A-4C98-AA45-170EE8F923E9}.Release|Any CPU.Build.0 = Release|Any CPU
		{1F210FCC-58A4-464D-B473-74D6C30D149B}.Debug|Any CPU.ActiveCfg = Debug|Any CPU
		{1F210FCC-58A4-464D-B473-74D6C30D149B}.Debug|Any CPU.Build.0 = Debug|Any CPU
		{1F210FCC-58A4-464D-B473-74D6C30D149B}.Release|Any CPU.ActiveCfg = Release|Any CPU
		{1F210FCC-58A4-464D-B473-74D6C30D149B}.Release|Any CPU.Build.0 = Release|Any CPU
		{1E6AEFC2-94D8-4BAF-AB9F-E465AECEAF44}.Debug|Any CPU.ActiveCfg = Debug|Any CPU
		{1E6AEFC2-94D8-4BAF-AB9F-E465AECEAF44}.Debug|Any CPU.Build.0 = Debug|Any CPU
		{1E6AEFC2-94D8-4BAF-AB9F-E465AECEAF44}.Release|Any CPU.ActiveCfg = Release|Any CPU
		{1E6AEFC2-94D8-4BAF-AB9F-E465AECEAF44}.Release|Any CPU.Build.0 = Release|Any CPU
		{1DF24FEB-FF46-43E3-972F-08F7EB9A226D}.Debug|Any CPU.ActiveCfg = Debug|Any CPU
		{1DF24FEB-FF46-43E3-972F-08F7EB9A226D}.Debug|Any CPU.Build.0 = Debug|Any CPU
		{1DF24FEB-FF46-43E3-972F-08F7EB9A226D}.Release|Any CPU.ActiveCfg = Release|Any CPU
		{1DF24FEB-FF46-43E3-972F-08F7EB9A226D}.Release|Any CPU.Build.0 = Release|Any CPU
	EndGlobalSection
	GlobalSection(SolutionProperties) = preSolution
		HideSolutionNode = FALSE
	EndGlobalSection
EndGlobal
